
Microsoft Visual Studio Solution File, Format Version 12.00
# Visual Studio Version 16
VisualStudioVersion = 16.0.29709.97
MinimumVisualStudioVersion = 10.0.40219.1
Project("{2150E333-8FDC-42A3-9474-1A3956D46DE8}") = "src", "src", "{FAA0E45B-54E0-445A-AA14-BD5FDE08C23A}"
EndProject
Project("{2150E333-8FDC-42A3-9474-1A3956D46DE8}") = "Catalog", "Catalog", "{1F4910BF-2A8F-44AE-83D6-7F9BE2E4B16C}"
	ProjectSection(SolutionItems) = preProject
		src\Ordering\Ordering.Core\Repositories\Base\IRepository.cs = src\Ordering\Ordering.Core\Repositories\Base\IRepository.cs
	EndProjectSection
EndProject
Project("{9A19103F-16F7-4668-BE54-9A1E7A4F7556}") = "Catalog.API", "src\Catalog\Catalog.API\Catalog.API.csproj", "{F2664CC6-4889-41BE-8E6E-6AE6638ED501}"
EndProject
Project("{E53339B2-1760-4266-BCC7-CA923CBCF16C}") = "docker-compose", "docker-compose.dcproj", "{746D6DD9-DDDD-4637-BC04-C8B5AD3F07FA}"
EndProject
Project("{2150E333-8FDC-42A3-9474-1A3956D46DE8}") = "Basket", "Basket", "{F79AEBD2-A7CB-476F-806D-E7CE1AEDE01F}"
EndProject
Project("{9A19103F-16F7-4668-BE54-9A1E7A4F7556}") = "Basket.API", "src\Basket\Basket.API\Basket.API.csproj", "{38B26F28-D1AA-4144-BB2C-5C06D46C8B3B}"
EndProject
Project("{2150E333-8FDC-42A3-9474-1A3956D46DE8}") = "Common", "Common", "{E2BEE635-DFDD-404F-AF63-05BDB351F22A}"
EndProject
Project("{9A19103F-16F7-4668-BE54-9A1E7A4F7556}") = "EventBusRabbitMQ", "src\Common\EventBusRabbitMQ\EventBusRabbitMQ.csproj", "{157C149A-55F3-44D4-AE22-6392B29EEA29}"
EndProject
Project("{2150E333-8FDC-42A3-9474-1A3956D46DE8}") = "Ordering", "Ordering", "{7F9EA367-C222-48BC-9C10-AB8C6EE2453B}"
EndProject
Project("{9A19103F-16F7-4668-BE54-9A1E7A4F7556}") = "Ordering.API", "src\Ordering\Ordering.API\Ordering.API.csproj", "{BC175145-74D0-453A-8130-787FEE6FC8D9}"
EndProject
Project("{9A19103F-16F7-4668-BE54-9A1E7A4F7556}") = "Ordering.Core", "src\Ordering\Ordering.Core\Ordering.Core.csproj", "{8A09CABD-B781-4FA3-A7D2-1C0B610E1D5C}"
EndProject
Project("{9A19103F-16F7-4668-BE54-9A1E7A4F7556}") = "Ordering.infrastructure", "src\Ordering\Ordering.infrastructure\Ordering.infrastructure.csproj", "{2583ECE6-B879-4778-8BC0-695C9E1F2AEB}"
EndProject
Project("{9A19103F-16F7-4668-BE54-9A1E7A4F7556}") = "Ordering.Application", "src\Ordering\Ordering.Application\Ordering.Application.csproj", "{07E04934-E529-4AA8-B438-FF4D5B39D6C2}"
EndProject
Project("{2150E333-8FDC-42A3-9474-1A3956D46DE8}") = "ApiGateway", "ApiGateway", "{85E05596-D936-4487-8F27-D60901EA69D7}"
EndProject
Project("{9A19103F-16F7-4668-BE54-9A1E7A4F7556}") = "OcelotApiGateway", "src\ApiGateway\OcelotApiGateway\OcelotApiGateway.csproj", "{9ED85DA9-2DF8-4AEE-A1F9-2B8FC95E5857}"
EndProject
Project("{2150E333-8FDC-42A3-9474-1A3956D46DE8}") = "WebApp", "WebApp", "{C462AF95-85F3-41A3-89D9-AC24E323A2EF}"
EndProject
Project("{9A19103F-16F7-4668-BE54-9A1E7A4F7556}") = "AspnetRunBasics", "src\WebApp\AspnetRunBasics\AspnetRunBasics.csproj", "{65592719-ADB4-49D6-A1B4-13AB943BCC15}"
EndProject
Global
	GlobalSection(SolutionConfigurationPlatforms) = preSolution
		Debug|Any CPU = Debug|Any CPU
		Release|Any CPU = Release|Any CPU
	EndGlobalSection
	GlobalSection(ProjectConfigurationPlatforms) = postSolution
		{F2664CC6-4889-41BE-8E6E-6AE6638ED501}.Debug|Any CPU.ActiveCfg = Debug|Any CPU
		{F2664CC6-4889-41BE-8E6E-6AE6638ED501}.Debug|Any CPU.Build.0 = Debug|Any CPU
		{F2664CC6-4889-41BE-8E6E-6AE6638ED501}.Release|Any CPU.ActiveCfg = Release|Any CPU
		{F2664CC6-4889-41BE-8E6E-6AE6638ED501}.Release|Any CPU.Build.0 = Release|Any CPU
		{746D6DD9-DDDD-4637-BC04-C8B5AD3F07FA}.Debug|Any CPU.ActiveCfg = Debug|Any CPU
		{746D6DD9-DDDD-4637-BC04-C8B5AD3F07FA}.Debug|Any CPU.Build.0 = Debug|Any CPU
		{746D6DD9-DDDD-4637-BC04-C8B5AD3F07FA}.Release|Any CPU.ActiveCfg = Release|Any CPU
		{746D6DD9-DDDD-4637-BC04-C8B5AD3F07FA}.Release|Any CPU.Build.0 = Release|Any CPU
		{38B26F28-D1AA-4144-BB2C-5C06D46C8B3B}.Debug|Any CPU.ActiveCfg = Debug|Any CPU
		{38B26F28-D1AA-4144-BB2C-5C06D46C8B3B}.Debug|Any CPU.Build.0 = Debug|Any CPU
		{38B26F28-D1AA-4144-BB2C-5C06D46C8B3B}.Release|Any CPU.ActiveCfg = Release|Any CPU
		{38B26F28-D1AA-4144-BB2C-5C06D46C8B3B}.Release|Any CPU.Build.0 = Release|Any CPU
		{157C149A-55F3-44D4-AE22-6392B29EEA29}.Debug|Any CPU.ActiveCfg = Debug|Any CPU
		{157C149A-55F3-44D4-AE22-6392B29EEA29}.Debug|Any CPU.Build.0 = Debug|Any CPU
		{157C149A-55F3-44D4-AE22-6392B29EEA29}.Release|Any CPU.ActiveCfg = Release|Any CPU
		{157C149A-55F3-44D4-AE22-6392B29EEA29}.Release|Any CPU.Build.0 = Release|Any CPU
		{BC175145-74D0-453A-8130-787FEE6FC8D9}.Debug|Any CPU.ActiveCfg = Debug|Any CPU
		{BC175145-74D0-453A-8130-787FEE6FC8D9}.Debug|Any CPU.Build.0 = Debug|Any CPU
		{BC175145-74D0-453A-8130-787FEE6FC8D9}.Release|Any CPU.ActiveCfg = Release|Any CPU
		{BC175145-74D0-453A-8130-787FEE6FC8D9}.Release|Any CPU.Build.0 = Release|Any CPU
		{8A09CABD-B781-4FA3-A7D2-1C0B610E1D5C}.Debug|Any CPU.ActiveCfg = Debug|Any CPU
		{8A09CABD-B781-4FA3-A7D2-1C0B610E1D5C}.Debug|Any CPU.Build.0 = Debug|Any CPU
		{8A09CABD-B781-4FA3-A7D2-1C0B610E1D5C}.Release|Any CPU.ActiveCfg = Release|Any CPU
		{8A09CABD-B781-4FA3-A7D2-1C0B610E1D5C}.Release|Any CPU.Build.0 = Release|Any CPU
		{2583ECE6-B879-4778-8BC0-695C9E1F2AEB}.Debug|Any CPU.ActiveCfg = Debug|Any CPU
		{2583ECE6-B879-4778-8BC0-695C9E1F2AEB}.Debug|Any CPU.Build.0 = Debug|Any CPU
		{2583ECE6-B879-4778-8BC0-695C9E1F2AEB}.Release|Any CPU.ActiveCfg = Release|Any CPU
		{2583ECE6-B879-4778-8BC0-695C9E1F2AEB}.Release|Any CPU.Build.0 = Release|Any CPU
		{07E04934-E529-4AA8-B438-FF4D5B39D6C2}.Debug|Any CPU.ActiveCfg = Debug|Any CPU
		{07E04934-E529-4AA8-B438-FF4D5B39D6C2}.Debug|Any CPU.Build.0 = Debug|Any CPU
		{07E04934-E529-4AA8-B438-FF4D5B39D6C2}.Release|Any CPU.ActiveCfg = Release|Any CPU
		{07E04934-E529-4AA8-B438-FF4D5B39D6C2}.Release|Any CPU.Build.0 = Release|Any CPU
		{9ED85DA9-2DF8-4AEE-A1F9-2B8FC95E5857}.Debug|Any CPU.ActiveCfg = Debug|Any CPU
		{9ED85DA9-2DF8-4AEE-A1F9-2B8FC95E5857}.Debug|Any CPU.Build.0 = Debug|Any CPU
		{9ED85DA9-2DF8-4AEE-A1F9-2B8FC95E5857}.Release|Any CPU.ActiveCfg = Release|Any CPU
		{9ED85DA9-2DF8-4AEE-A1F9-2B8FC95E5857}.Release|Any CPU.Build.0 = Release|Any CPU
		{65592719-ADB4-49D6-A1B4-13AB943BCC15}.Debug|Any CPU.ActiveCfg = Debug|Any CPU
		{65592719-ADB4-49D6-A1B4-13AB943BCC15}.Debug|Any CPU.Build.0 = Debug|Any CPU
		{65592719-ADB4-49D6-A1B4-13AB943BCC15}.Release|Any CPU.ActiveCfg = Release|Any CPU
		{65592719-ADB4-49D6-A1B4-13AB943BCC15}.Release|Any CPU.Build.0 = Release|Any CPU
	EndGlobalSection
	GlobalSection(SolutionProperties) = preSolution
		HideSolutionNode = FALSE
	EndGlobalSection
	GlobalSection(NestedProjects) = preSolution
		{1F4910BF-2A8F-44AE-83D6-7F9BE2E4B16C} = {FAA0E45B-54E0-445A-AA14-BD5FDE08C23A}
		{F2664CC6-4889-41BE-8E6E-6AE6638ED501} = {1F4910BF-2A8F-44AE-83D6-7F9BE2E4B16C}
		{F79AEBD2-A7CB-476F-806D-E7CE1AEDE01F} = {FAA0E45B-54E0-445A-AA14-BD5FDE08C23A}
		{38B26F28-D1AA-4144-BB2C-5C06D46C8B3B} = {F79AEBD2-A7CB-476F-806D-E7CE1AEDE01F}
		{E2BEE635-DFDD-404F-AF63-05BDB351F22A} = {FAA0E45B-54E0-445A-AA14-BD5FDE08C23A}
		{157C149A-55F3-44D4-AE22-6392B29EEA29} = {E2BEE635-DFDD-404F-AF63-05BDB351F22A}
		{7F9EA367-C222-48BC-9C10-AB8C6EE2453B} = {FAA0E45B-54E0-445A-AA14-BD5FDE08C23A}
		{BC175145-74D0-453A-8130-787FEE6FC8D9} = {7F9EA367-C222-48BC-9C10-AB8C6EE2453B}
		{8A09CABD-B781-4FA3-A7D2-1C0B610E1D5C} = {7F9EA367-C222-48BC-9C10-AB8C6EE2453B}
		{2583ECE6-B879-4778-8BC0-695C9E1F2AEB} = {7F9EA367-C222-48BC-9C10-AB8C6EE2453B}
		{07E04934-E529-4AA8-B438-FF4D5B39D6C2} = {7F9EA367-C222-48BC-9C10-AB8C6EE2453B}
		{85E05596-D936-4487-8F27-D60901EA69D7} = {FAA0E45B-54E0-445A-AA14-BD5FDE08C23A}
		{9ED85DA9-2DF8-4AEE-A1F9-2B8FC95E5857} = {85E05596-D936-4487-8F27-D60901EA69D7}
		{C462AF95-85F3-41A3-89D9-AC24E323A2EF} = {FAA0E45B-54E0-445A-AA14-BD5FDE08C23A}
		{65592719-ADB4-49D6-A1B4-13AB943BCC15} = {C462AF95-85F3-41A3-89D9-AC24E323A2EF}
	EndGlobalSection
	GlobalSection(ExtensibilityGlobals) = postSolution
		SolutionGuid = {013E3B4A-762D-42D9-86B6-C7862E550CAF}
	EndGlobalSection
EndGlobal
